PODS:
  - Alamofire (4.8.1)
  - AwesomeCache (5.0)
  - Moya (12.0.1):
    - Moya/Core (= 12.0.1)
  - Moya/Core (12.0.1):
    - Alamofire (~> 4.1)
    - Result (~> 4.0)
  - Moya/RxSwift (12.0.1):
    - Moya/Core
    - RxSwift (~> 4.0)
  - ObjectMapper (3.4.2)
  - Result (4.1.0)
  - RxAtomic (4.4.1)
  - RxSwift (4.4.1):
    - RxAtomic (~> 4.4)

DEPENDENCIES:
  - AwesomeCache
  - Moya
  - Moya/RxSwift
  - ObjectMapper
  - RxSwift

SPEC REPOS:
  https://github.com/cocoapods/specs.git:
    - Alamofire
    - AwesomeCache
    - Moya
    - ObjectMapper
    - Result
    - RxAtomic
    - RxSwift

SPEC CHECKSUMS:
  Alamofire: 16ce2c353fb72865124ddae8a57c5942388f4f11
  AwesomeCache: d8906955242173357caa0be0214d5e77dec32cc5
  Moya: cf730b3cd9e005401ef37a85143aa141a12fd38f
  ObjectMapper: 0d4402610f4e468903ae64629eec4784531e5c51
  Result: bd966fac789cc6c1563440b348ab2598cc24d5c7
  RxAtomic: f8d6adc1ccb87a767811269e4875887bc74dbf19
  RxSwift: 92fcf68dfef21f3e2ab1965363d9e7b3d787597e

PODFILE CHECKSUM: df8056b988ee7d27b0ea7479b076df65dbb7724d

COCOAPODS: 1.5.3
